
Microsoft Visual Studio Solution File, Format Version 12.00
Project("{FAE04EC0-301F-11D3-BF4B-00C04F79EFBC}") = "App", "App\App.csproj", "{FE152029-F4BC-4F8C-BB6D-29C9C4C19445}"
EndProject
Project("{FAE04EC0-301F-11D3-BF4B-00C04F79EFBC}") = "Domain", "Domain\Domain.csproj", "{F8D4FBBB-98B2-44B6-9C41-6609E37E5F16}"
EndProject
Project("{FAE04EC0-301F-11D3-BF4B-00C04F79EFBC}") = "Data", "Data\Data.csproj", "{AE4808DB-07E0-4437-BD0F-608B23FAFB2D}"
EndProject
Project("{FAE04EC0-301F-11D3-BF4B-00C04F79EFBC}") = "Storage", "Storage\Storage.csproj", "{5A4CD7A6-B708-44F8-AB2A-89F3C94FDF5C}"
EndProject
Global
	GlobalSection(SolutionConfigurationPlatforms) = preSolution
		Debug|Any CPU = Debug|Any CPU
		Release|Any CPU = Release|Any CPU
	EndGlobalSection
	GlobalSection(ProjectConfigurationPlatforms) = postSolution
		{FE152029-F4BC-4F8C-BB6D-29C9C4C19445}.Debug|Any CPU.ActiveCfg = Debug|Any CPU
		{FE152029-F4BC-4F8C-BB6D-29C9C4C19445}.Debug|Any CPU.Build.0 = Debug|Any CPU
		{FE152029-F4BC-4F8C-BB6D-29C9C4C19445}.Release|Any CPU.ActiveCfg = Release|Any CPU
		{FE152029-F4BC-4F8C-BB6D-29C9C4C19445}.Release|Any CPU.Build.0 = Release|Any CPU
		{F8D4FBBB-98B2-44B6-9C41-6609E37E5F16}.Debug|Any CPU.ActiveCfg = Debug|Any CPU
		{F8D4FBBB-98B2-44B6-9C41-6609E37E5F16}.Debug|Any CPU.Build.0 = Debug|Any CPU
		{F8D4FBBB-98B2-44B6-9C41-6609E37E5F16}.Release|Any CPU.ActiveCfg = Release|Any CPU
		{F8D4FBBB-98B2-44B6-9C41-6609E37E5F16}.Release|Any CPU.Build.0 = Release|Any CPU
		{AE4808DB-07E0-4437-BD0F-608B23FAFB2D}.Debug|Any CPU.ActiveCfg = Debug|Any CPU
		{AE4808DB-07E0-4437-BD0F-608B23FAFB2D}.Debug|Any CPU.Build.0 = Debug|Any CPU
		{AE4808DB-07E0-4437-BD0F-608B23FAFB2D}.Release|Any CPU.ActiveCfg = Release|Any CPU
		{AE4808DB-07E0-4437-BD0F-608B23FAFB2D}.Release|Any CPU.Build.0 = Release|Any CPU
		{5A4CD7A6-B708-44F8-AB2A-89F3C94FDF5C}.Debug|Any CPU.ActiveCfg = Debug|Any CPU
		{5A4CD7A6-B708-44F8-AB2A-89F3C94FDF5C}.Debug|Any CPU.Build.0 = Debug|Any CPU
		{5A4CD7A6-B708-44F8-AB2A-89F3C94FDF5C}.Release|Any CPU.ActiveCfg = Release|Any CPU
		{5A4CD7A6-B708-44F8-AB2A-89F3C94FDF5C}.Release|Any CPU.Build.0 = Release|Any CPU
		{CE6E5186-1ADA-4FD9-A1AE-119EAAFE4FBB}.Debug|Any CPU.ActiveCfg = Debug|Any CPU
		{CE6E5186-1ADA-4FD9-A1AE-119EAAFE4FBB}.Debug|Any CPU.Build.0 = Debug|Any CPU
		{CE6E5186-1ADA-4FD9-A1AE-119EAAFE4FBB}.Release|Any CPU.ActiveCfg = Release|Any CPU
		{CE6E5186-1ADA-4FD9-A1AE-119EAAFE4FBB}.Release|Any CPU.Build.0 = Release|Any CPU
		{24FE794B-3DE4-4AC8-8D34-D62BBC196E5B}.Debug|Any CPU.ActiveCfg = Debug|Any CPU
		{24FE794B-3DE4-4AC8-8D34-D62BBC196E5B}.Debug|Any CPU.Build.0 = Debug|Any CPU
		{24FE794B-3DE4-4AC8-8D34-D62BBC196E5B}.Release|Any CPU.ActiveCfg = Release|Any CPU
		{24FE794B-3DE4-4AC8-8D34-D62BBC196E5B}.Release|Any CPU.Build.0 = Release|Any CPU
		{24C507E1-4420-4C87-A7F1-8980762DD136}.Debug|Any CPU.ActiveCfg = Debug|Any CPU
		{24C507E1-4420-4C87-A7F1-8980762DD136}.Debug|Any CPU.Build.0 = Debug|Any CPU
		{24C507E1-4420-4C87-A7F1-8980762DD136}.Release|Any CPU.ActiveCfg = Release|Any CPU
		{24C507E1-4420-4C87-A7F1-8980762DD136}.Release|Any CPU.Build.0 = Release|Any CPU
		{B5C289F7-3851-4E43-BDD1-4071F9E83555}.Debug|Any CPU.ActiveCfg = Debug|Any CPU
		{B5C289F7-3851-4E43-BDD1-4071F9E83555}.Debug|Any CPU.Build.0 = Debug|Any CPU
		{B5C289F7-3851-4E43-BDD1-4071F9E83555}.Release|Any CPU.ActiveCfg = Release|Any CPU
		{B5C289F7-3851-4E43-BDD1-4071F9E83555}.Release|Any CPU.Build.0 = Release|Any CPU
		{57221378-A0AA-4D91-B0EE-3C631E2B54F6}.Debug|Any CPU.ActiveCfg = Debug|Any CPU
		{57221378-A0AA-4D91-B0EE-3C631E2B54F6}.Debug|Any CPU.Build.0 = Debug|Any CPU
		{57221378-A0AA-4D91-B0EE-3C631E2B54F6}.Release|Any CPU.ActiveCfg = Release|Any CPU
		{57221378-A0AA-4D91-B0EE-3C631E2B54F6}.Release|Any CPU.Build.0 = Release|Any CPU
	EndGlobalSection
	GlobalSection(NestedProjects) = preSolution
	EndGlobalSection
EndGlobal
