
Microsoft Visual Studio Solution File, Format Version 12.00
Project("{FAE04EC0-301F-11D3-BF4B-00C04F79EFBC}") = "App", "App\App.csproj", "{FE152029-F4BC-4F8C-BB6D-29C9C4C19445}"
EndProject
Project("{FAE04EC0-301F-11D3-BF4B-00C04F79EFBC}") = "Domain", "Domain\Domain.csproj", "{F8D4FBBB-98B2-44B6-9C41-6609E37E5F16}"
EndProject
Project("{FAE04EC0-301F-11D3-BF4B-00C04F79EFBC}") = "Data", "Data\Data.csproj", "{AE4808DB-07E0-4437-BD0F-608B23FAFB2D}"
EndProject
Project("{FAE04EC0-301F-11D3-BF4B-00C04F79EFBC}") = "Storage", "Storage\Storage.csproj", "{5A4CD7A6-B708-44F8-AB2A-89F3C94FDF5C}"
EndProject
Project("{FAE04EC0-301F-11D3-BF4B-00C04F79EFBC}") = "TestingDataLayer", "TestingDataLayer\TestingDataLayer.csproj", "{D5DA58BE-A23B-437C-939E-4AC7BA7F4E81}"
EndProject
Project("{2150E333-8FDC-42A3-9474-1A3956D46DE8}") = "ProjectFeature", "ProjectFeature", "{D320E91C-033C-41A2-B264-2BDA39EB7F3D}"
EndProject
Project("{FAE04EC0-301F-11D3-BF4B-00C04F79EFBC}") = "ProjectDomain", "ProjectDomain\ProjectDomain.csproj", "{3913D0FD-5812-4289-84AB-3AA45F42F1DA}"
EndProject
Project("{FAE04EC0-301F-11D3-BF4B-00C04F79EFBC}") = "ProjectData", "ProjectData\ProjectData.csproj", "{F83C5F43-3D6B-40A2-9D13-26F056D54D7B}"
EndProject
Project("{FAE04EC0-301F-11D3-BF4B-00C04F79EFBC}") = "ProjectPresentation", "ProjectPresentation\ProjectPresentation.csproj", "{12CA0438-7198-4AC8-997A-0047D15F4247}"
EndProject
Global
	GlobalSection(SolutionConfigurationPlatforms) = preSolution
		Debug|Any CPU = Debug|Any CPU
		Release|Any CPU = Release|Any CPU
	EndGlobalSection
	GlobalSection(ProjectConfigurationPlatforms) = postSolution
		{FE152029-F4BC-4F8C-BB6D-29C9C4C19445}.Debug|Any CPU.ActiveCfg = Debug|Any CPU
		{FE152029-F4BC-4F8C-BB6D-29C9C4C19445}.Debug|Any CPU.Build.0 = Debug|Any CPU
		{FE152029-F4BC-4F8C-BB6D-29C9C4C19445}.Release|Any CPU.ActiveCfg = Release|Any CPU
		{FE152029-F4BC-4F8C-BB6D-29C9C4C19445}.Release|Any CPU.Build.0 = Release|Any CPU
		{F8D4FBBB-98B2-44B6-9C41-6609E37E5F16}.Debug|Any CPU.ActiveCfg = Debug|Any CPU
		{F8D4FBBB-98B2-44B6-9C41-6609E37E5F16}.Debug|Any CPU.Build.0 = Debug|Any CPU
		{F8D4FBBB-98B2-44B6-9C41-6609E37E5F16}.Release|Any CPU.ActiveCfg = Release|Any CPU
		{F8D4FBBB-98B2-44B6-9C41-6609E37E5F16}.Release|Any CPU.Build.0 = Release|Any CPU
		{AE4808DB-07E0-4437-BD0F-608B23FAFB2D}.Debug|Any CPU.ActiveCfg = Debug|Any CPU
		{AE4808DB-07E0-4437-BD0F-608B23FAFB2D}.Debug|Any CPU.Build.0 = Debug|Any CPU
		{AE4808DB-07E0-4437-BD0F-608B23FAFB2D}.Release|Any CPU.ActiveCfg = Release|Any CPU
		{AE4808DB-07E0-4437-BD0F-608B23FAFB2D}.Release|Any CPU.Build.0 = Release|Any CPU
		{5A4CD7A6-B708-44F8-AB2A-89F3C94FDF5C}.Debug|Any CPU.ActiveCfg = Debug|Any CPU
		{5A4CD7A6-B708-44F8-AB2A-89F3C94FDF5C}.Debug|Any CPU.Build.0 = Debug|Any CPU
		{5A4CD7A6-B708-44F8-AB2A-89F3C94FDF5C}.Release|Any CPU.ActiveCfg = Release|Any CPU
		{5A4CD7A6-B708-44F8-AB2A-89F3C94FDF5C}.Release|Any CPU.Build.0 = Release|Any CPU
		{D5DA58BE-A23B-437C-939E-4AC7BA7F4E81}.Debug|Any CPU.ActiveCfg = Debug|Any CPU
		{D5DA58BE-A23B-437C-939E-4AC7BA7F4E81}.Debug|Any CPU.Build.0 = Debug|Any CPU
		{D5DA58BE-A23B-437C-939E-4AC7BA7F4E81}.Release|Any CPU.ActiveCfg = Release|Any CPU
		{D5DA58BE-A23B-437C-939E-4AC7BA7F4E81}.Release|Any CPU.Build.0 = Release|Any CPU
		{CE6E5186-1ADA-4FD9-A1AE-119EAAFE4FBB}.Debug|Any CPU.ActiveCfg = Debug|Any CPU
		{CE6E5186-1ADA-4FD9-A1AE-119EAAFE4FBB}.Debug|Any CPU.Build.0 = Debug|Any CPU
		{CE6E5186-1ADA-4FD9-A1AE-119EAAFE4FBB}.Release|Any CPU.ActiveCfg = Release|Any CPU
		{CE6E5186-1ADA-4FD9-A1AE-119EAAFE4FBB}.Release|Any CPU.Build.0 = Release|Any CPU
		{24FE794B-3DE4-4AC8-8D34-D62BBC196E5B}.Debug|Any CPU.ActiveCfg = Debug|Any CPU
		{24FE794B-3DE4-4AC8-8D34-D62BBC196E5B}.Debug|Any CPU.Build.0 = Debug|Any CPU
		{24FE794B-3DE4-4AC8-8D34-D62BBC196E5B}.Release|Any CPU.ActiveCfg = Release|Any CPU
		{24FE794B-3DE4-4AC8-8D34-D62BBC196E5B}.Release|Any CPU.Build.0 = Release|Any CPU
		{24C507E1-4420-4C87-A7F1-8980762DD136}.Debug|Any CPU.ActiveCfg = Debug|Any CPU
		{24C507E1-4420-4C87-A7F1-8980762DD136}.Debug|Any CPU.Build.0 = Debug|Any CPU
		{24C507E1-4420-4C87-A7F1-8980762DD136}.Release|Any CPU.ActiveCfg = Release|Any CPU
		{24C507E1-4420-4C87-A7F1-8980762DD136}.Release|Any CPU.Build.0 = Release|Any CPU
		{B5C289F7-3851-4E43-BDD1-4071F9E83555}.Debug|Any CPU.ActiveCfg = Debug|Any CPU
		{B5C289F7-3851-4E43-BDD1-4071F9E83555}.Debug|Any CPU.Build.0 = Debug|Any CPU
		{B5C289F7-3851-4E43-BDD1-4071F9E83555}.Release|Any CPU.ActiveCfg = Release|Any CPU
		{B5C289F7-3851-4E43-BDD1-4071F9E83555}.Release|Any CPU.Build.0 = Release|Any CPU
		{57221378-A0AA-4D91-B0EE-3C631E2B54F6}.Debug|Any CPU.ActiveCfg = Debug|Any CPU
		{57221378-A0AA-4D91-B0EE-3C631E2B54F6}.Debug|Any CPU.Build.0 = Debug|Any CPU
		{57221378-A0AA-4D91-B0EE-3C631E2B54F6}.Release|Any CPU.ActiveCfg = Release|Any CPU
		{57221378-A0AA-4D91-B0EE-3C631E2B54F6}.Release|Any CPU.Build.0 = Release|Any CPU
		{3913D0FD-5812-4289-84AB-3AA45F42F1DA}.Debug|Any CPU.ActiveCfg = Debug|Any CPU
		{3913D0FD-5812-4289-84AB-3AA45F42F1DA}.Debug|Any CPU.Build.0 = Debug|Any CPU
		{3913D0FD-5812-4289-84AB-3AA45F42F1DA}.Release|Any CPU.ActiveCfg = Release|Any CPU
		{3913D0FD-5812-4289-84AB-3AA45F42F1DA}.Release|Any CPU.Build.0 = Release|Any CPU
		{F83C5F43-3D6B-40A2-9D13-26F056D54D7B}.Debug|Any CPU.ActiveCfg = Debug|Any CPU
		{F83C5F43-3D6B-40A2-9D13-26F056D54D7B}.Debug|Any CPU.Build.0 = Debug|Any CPU
		{F83C5F43-3D6B-40A2-9D13-26F056D54D7B}.Release|Any CPU.ActiveCfg = Release|Any CPU
		{F83C5F43-3D6B-40A2-9D13-26F056D54D7B}.Release|Any CPU.Build.0 = Release|Any CPU
		{12CA0438-7198-4AC8-997A-0047D15F4247}.Debug|Any CPU.ActiveCfg = Debug|Any CPU
		{12CA0438-7198-4AC8-997A-0047D15F4247}.Debug|Any CPU.Build.0 = Debug|Any CPU
		{12CA0438-7198-4AC8-997A-0047D15F4247}.Release|Any CPU.ActiveCfg = Release|Any CPU
		{12CA0438-7198-4AC8-997A-0047D15F4247}.Release|Any CPU.Build.0 = Release|Any CPU
	EndGlobalSection
	GlobalSection(NestedProjects) = preSolution
		{3913D0FD-5812-4289-84AB-3AA45F42F1DA} = {D320E91C-033C-41A2-B264-2BDA39EB7F3D}
		{F83C5F43-3D6B-40A2-9D13-26F056D54D7B} = {D320E91C-033C-41A2-B264-2BDA39EB7F3D}
		{12CA0438-7198-4AC8-997A-0047D15F4247} = {D320E91C-033C-41A2-B264-2BDA39EB7F3D}
	EndGlobalSection
EndGlobal
